
Microsoft Visual Studio Solution File, Format Version 12.00
# Visual Studio 15
VisualStudioVersion = 15.0.28307.572
MinimumVisualStudioVersion = 10.0.40219.1
Project("{FAE04EC0-301F-11D3-BF4B-00C04F79EFBC}") = "MCTexCon", "MCTexCon\MCTexCon.csproj", "{0568352B-8ED1-4919-94C9-4D7E1D0A9878}"
EndProject
Project("{FAE04EC0-301F-11D3-BF4B-00C04F79EFBC}") = "MCTexConCLI", "MCTexConCLI\MCTexConCLI.csproj", "{256B9617-16E8-4578-ACDE-628B4C4CC512}"
EndProject
Project("{FAE04EC0-301F-11D3-BF4B-00C04F79EFBC}") = "TextureMapConverter", "TextureMapConverter\TextureMapConverter.csproj", "{34FF8EC8-3683-44B5-B848-B61E0BDA7A4A}"
EndProject
Global
	GlobalSection(SolutionConfigurationPlatforms) = preSolution
		Debug|Any CPU = Debug|Any CPU
		Release|Any CPU = Release|Any CPU
	EndGlobalSection
	GlobalSection(ProjectConfigurationPlatforms) = postSolution
		{0568352B-8ED1-4919-94C9-4D7E1D0A9878}.Debug|Any CPU.ActiveCfg = Debug|Any CPU
		{0568352B-8ED1-4919-94C9-4D7E1D0A9878}.Debug|Any CPU.Build.0 = Debug|Any CPU
		{0568352B-8ED1-4919-94C9-4D7E1D0A9878}.Release|Any CPU.ActiveCfg = Release|Any CPU
		{0568352B-8ED1-4919-94C9-4D7E1D0A9878}.Release|Any CPU.Build.0 = Release|Any CPU
		{256B9617-16E8-4578-ACDE-628B4C4CC512}.Debug|Any CPU.ActiveCfg = Debug|Any CPU
		{256B9617-16E8-4578-ACDE-628B4C4CC512}.Debug|Any CPU.Build.0 = Debug|Any CPU
		{256B9617-16E8-4578-ACDE-628B4C4CC512}.Release|Any CPU.ActiveCfg = Release|Any CPU
		{256B9617-16E8-4578-ACDE-628B4C4CC512}.Release|Any CPU.Build.0 = Release|Any CPU
		{34FF8EC8-3683-44B5-B848-B61E0BDA7A4A}.Debug|Any CPU.ActiveCfg = Debug|Any CPU
		{34FF8EC8-3683-44B5-B848-B61E0BDA7A4A}.Debug|Any CPU.Build.0 = Debug|Any CPU
		{34FF8EC8-3683-44B5-B848-B61E0BDA7A4A}.Release|Any CPU.ActiveCfg = Release|Any CPU
		{34FF8EC8-3683-44B5-B848-B61E0BDA7A4A}.Release|Any CPU.Build.0 = Release|Any CPU
	EndGlobalSection
	GlobalSection(SolutionProperties) = preSolution
		HideSolutionNode = FALSE
	EndGlobalSection
	GlobalSection(ExtensibilityGlobals) = postSolution
		SolutionGuid = {3291FE03-22C0-4439-809F-8080636FB6F3}
	EndGlobalSection
EndGlobal
